
Microsoft Visual Studio Solution File, Format Version 12.00
# Visual Studio Version 17
VisualStudioVersion = 17.13.35931.197 d17.13
MinimumVisualStudioVersion = 10.0.40219.1
Project("{888888A0-9F3D-457C-B088-3A5042F75D52}") = "lab3_V1_l3", "lab3_V1_l3.pyproj", "{69D3B21C-B60C-4ACA-BDE3-52BF9B467046}"
EndProject
Global
	GlobalSection(SolutionConfigurationPlatforms) = preSolution
		Debug|Any CPU = Debug|Any CPU
		Release|Any CPU = Release|Any CPU
	EndGlobalSection
	GlobalSection(ProjectConfigurationPlatforms) = postSolution
		{69D3B21C-B60C-4ACA-BDE3-52BF9B467046}.Debug|Any CPU.ActiveCfg = Debug|Any CPU
		{69D3B21C-B60C-4ACA-BDE3-52BF9B467046}.Release|Any CPU.ActiveCfg = Release|Any CPU
	EndGlobalSection
	GlobalSection(SolutionProperties) = preSolution
		HideSolutionNode = FALSE
	EndGlobalSection
	GlobalSection(ExtensibilityGlobals) = postSolution
		SolutionGuid = {CBDE55F7-41B0-424E-B7CD-AD57E003872E}
	EndGlobalSection
EndGlobal
